
Microsoft Visual Studio Solution File, Format Version 12.00
# Visual Studio Version 16
VisualStudioVersion = 16.0.32413.511
MinimumVisualStudioVersion = 10.0.40219.1
Project("{FAE04EC0-301F-11D3-BF4B-00C04F79EFBC}") = "version1", "version1\version1.csproj", "{60D8D266-12C0-48A2-B4C3-AF8B6F545A4E}"
EndProject
Global
	GlobalSection(SolutionConfigurationPlatforms) = preSolution
		Debug|Any CPU = Debug|Any CPU
		Release|Any CPU = Release|Any CPU
	EndGlobalSection
	GlobalSection(ProjectConfigurationPlatforms) = postSolution
		{60D8D266-12C0-48A2-B4C3-AF8B6F545A4E}.Debug|Any CPU.ActiveCfg = Debug|Any CPU
		{60D8D266-12C0-48A2-B4C3-AF8B6F545A4E}.Debug|Any CPU.Build.0 = Debug|Any CPU
		{60D8D266-12C0-48A2-B4C3-AF8B6F545A4E}.Release|Any CPU.ActiveCfg = Release|Any CPU
		{60D8D266-12C0-48A2-B4C3-AF8B6F545A4E}.Release|Any CPU.Build.0 = Release|Any CPU
	EndGlobalSection
	GlobalSection(SolutionProperties) = preSolution
		HideSolutionNode = FALSE
	EndGlobalSection
	GlobalSection(ExtensibilityGlobals) = postSolution
		SolutionGuid = {9E8E9774-81B5-492B-9228-1670D6FB437A}
	EndGlobalSection
EndGlobal
